
Microsoft Visual Studio Solution File, Format Version 12.00
# Visual Studio Version 16
VisualStudioVersion = 16.0.31321.278
MinimumVisualStudioVersion = 10.0.40219.1
Project("{FAE04EC0-301F-11D3-BF4B-00C04F79EFBC}") = "Proyecto_SI_Registro_Hotelero", "Proyecto_SI_Registro_Hotelero\Proyecto_SI_Registro_Hotelero.csproj", "{B3D4D56A-9B1E-4526-8269-1496A471E44E}"
EndProject
Global
	GlobalSection(SolutionConfigurationPlatforms) = preSolution
		Debug|Any CPU = Debug|Any CPU
		Release|Any CPU = Release|Any CPU
	EndGlobalSection
	GlobalSection(ProjectConfigurationPlatforms) = postSolution
		{B3D4D56A-9B1E-4526-8269-1496A471E44E}.Debug|Any CPU.ActiveCfg = Debug|Any CPU
		{B3D4D56A-9B1E-4526-8269-1496A471E44E}.Debug|Any CPU.Build.0 = Debug|Any CPU
		{B3D4D56A-9B1E-4526-8269-1496A471E44E}.Release|Any CPU.ActiveCfg = Release|Any CPU
		{B3D4D56A-9B1E-4526-8269-1496A471E44E}.Release|Any CPU.Build.0 = Release|Any CPU
	EndGlobalSection
	GlobalSection(SolutionProperties) = preSolution
		HideSolutionNode = FALSE
	EndGlobalSection
	GlobalSection(ExtensibilityGlobals) = postSolution
		SolutionGuid = {53B91CA9-E6AA-4924-A292-07EAD6624A26}
	EndGlobalSection
EndGlobal
